
Microsoft Visual Studio Solution File, Format Version 12.00
# Visual Studio 2013
VisualStudioVersion = 12.0.21005.1
MinimumVisualStudioVersion = 10.0.40219.1
Project("{FAE04EC0-301F-11D3-BF4B-00C04F79EFBC}") = "PBLib_rfc", "PBLib_rfc\PBLib_rfc.csproj", "{AD90476E-FF7A-4A4F-8306-C927F43B41F4}"
EndProject
Project("{F088123C-0E9E-452A-89E6-6BA2F21D5CAC}") = "ModelingProject", "ModelingProject\ModelingProject.modelproj", "{0F653BD2-03D4-4A0C-BF1E-C7D1B5AAA2CF}"
EndProject
Project("{FAE04EC0-301F-11D3-BF4B-00C04F79EFBC}") = "ModelingProjectLib", "ModelingProjectLib\ModelingProjectLib.csproj", "{4A65550C-589E-4026-8D78-688192B743EB}"
EndProject
Global
	GlobalSection(SolutionConfigurationPlatforms) = preSolution
		Debug|Any CPU = Debug|Any CPU
		Release|Any CPU = Release|Any CPU
	EndGlobalSection
	GlobalSection(ProjectConfigurationPlatforms) = postSolution
		{AD90476E-FF7A-4A4F-8306-C927F43B41F4}.Debug|Any CPU.ActiveCfg = Debug|Any CPU
		{AD90476E-FF7A-4A4F-8306-C927F43B41F4}.Debug|Any CPU.Build.0 = Debug|Any CPU
		{AD90476E-FF7A-4A4F-8306-C927F43B41F4}.Release|Any CPU.ActiveCfg = Release|Any CPU
		{AD90476E-FF7A-4A4F-8306-C927F43B41F4}.Release|Any CPU.Build.0 = Release|Any CPU
		{0F653BD2-03D4-4A0C-BF1E-C7D1B5AAA2CF}.Debug|Any CPU.ActiveCfg = Debug|Any CPU
		{0F653BD2-03D4-4A0C-BF1E-C7D1B5AAA2CF}.Debug|Any CPU.Build.0 = Debug|Any CPU
		{0F653BD2-03D4-4A0C-BF1E-C7D1B5AAA2CF}.Release|Any CPU.ActiveCfg = Release|Any CPU
		{0F653BD2-03D4-4A0C-BF1E-C7D1B5AAA2CF}.Release|Any CPU.Build.0 = Release|Any CPU
		{4A65550C-589E-4026-8D78-688192B743EB}.Debug|Any CPU.ActiveCfg = Debug|Any CPU
		{4A65550C-589E-4026-8D78-688192B743EB}.Debug|Any CPU.Build.0 = Debug|Any CPU
		{4A65550C-589E-4026-8D78-688192B743EB}.Release|Any CPU.ActiveCfg = Release|Any CPU
		{4A65550C-589E-4026-8D78-688192B743EB}.Release|Any CPU.Build.0 = Release|Any CPU
	EndGlobalSection
	GlobalSection(SolutionProperties) = preSolution
		HideSolutionNode = FALSE
	EndGlobalSection
EndGlobal
